{
  "nodes": {
    "fix-python": {
      "inputs": {
        "flake-utils": "flake-utils",
        "nixpkgs": "nixpkgs"
      },
      "locked": {
        "lastModified": 1752329544,
        "narHash": "sha256-LtZyywexRDB5FFmEU6A1e5tMIb0MX8/xxpjCHonUzYE=",
        "owner": "GuillaumeDesforges",
        "repo": "fix-python",
        "rev": "248e2ea9620faee9b8a2ae10e12320de2a819fe9",
        "type": "github"
      },
      "original": {
        "owner": "GuillaumeDesforges",
        "repo": "fix-python",
        "type": "github"
      }
    },
    "flake-parts": {
      "inputs": {
        "nixpkgs-lib": "nixpkgs-lib"
      },
      "locked": {
        "lastModified": 1749398372,
        "narHash": "sha256-tYBdgS56eXYaWVW3fsnPQ/nFlgWi/Z2Ymhyu21zVM98=",
        "owner": "hercules-ci",
        "repo": "flake-parts",
        "rev": "9305fe4e5c2a6fcf5ba6a3ff155720fbe4076569",
        "type": "github"
      },
      "original": {
        "owner": "hercules-ci",
        "repo": "flake-parts",
        "type": "github"
      }
    },
    "flake-utils": {
      "inputs": {
        "systems": "systems"
      },
      "locked": {
        "lastModified": 1689068808,
        "narHash": "sha256-6ixXo3wt24N/melDWjq70UuHQLxGV8jZvooRanIHXw0=",
        "owner": "numtide",
        "repo": "flake-utils",
        "rev": "919d646de7be200f3bf08cb76ae1f09402b6f9b4",
        "type": "github"
      },
      "original": {
        "id": "flake-utils",
        "type": "indirect"
      }
    },
    "ida-pro-overlay": {
      "inputs": {
        "nixpkgs": [
          "nixpkgs"
        ]
      },
      "locked": {
        "lastModified": 1774555880,
        "narHash": "sha256-4xJ9MNvMILGdYu0oNQMaumJ9N0+vMxkCS3Eu1s8t9io=",
        "owner": "msanft",
        "repo": "ida-pro-overlay",
        "rev": "fae2e9edae8728e6b7b31e2542b774caa6c21e5f",
        "type": "github"
      },
      "original": {
        "owner": "msanft",
        "repo": "ida-pro-overlay",
        "type": "github"
      }
    },
    "mangowm": {
      "inputs": {
        "flake-parts": "flake-parts",
        "nixpkgs": [
          "nixpkgs"
        ],
        "scenefx": "scenefx"
      },
      "locked": {
        "lastModified": 1780720244,
        "narHash": "sha256-Eihw1noMiusBzwf8VH/wRonuN3x+guAdnCEmE67Sv9A=",
        "owner": "mangowm",
        "repo": "mango",
        "rev": "9459fe51fd91c1d5ac37e8df375dc81e234ae9f8",
        "type": "github"
      },
      "original": {
        "owner": "mangowm",
        "repo": "mango",
        "type": "github"
      }
    },
    "nixpkgs": {
      "locked": {
        "lastModified": 1682786779,
        "narHash": "sha256-m7QFzPS/CE8hbkbIVK4UStihAQMtczr0vSpOgETOM1g=",
        "owner": "nixos",
        "repo": "nixpkgs",
        "rev": "08e4dc3a907a6dfec8bb3bbf1540d8abbffea22b",
        "type": "github"
      },
      "original": {
        "id": "nixpkgs",
        "type": "indirect"
      }
    },
    "nixpkgs-lib": {
      "locked": {
        "lastModified": 1748740939,
        "narHash": "sha256-rQaysilft1aVMwF14xIdGS3sj1yHlI6oKQNBRTF40cc=",
        "owner": "nix-community",
        "repo": "nixpkgs.lib",
        "rev": "656a64127e9d791a334452c6b6606d17539476e2",
        "type": "github"
      },
      "original": {
        "owner": "nix-community",
        "repo": "nixpkgs.lib",
        "type": "github"
      }
    },
    "nixpkgs-unstable": {
      "locked": {
        "lastModified": 1780243769,
        "narHash": "sha256-x5UQuRsH3MqI0U9afaXSNqzTPSeZlRLvFAav2Ux1pNw=",
        "owner": "NixOS",
        "repo": "nixpkgs",
        "rev": "331800de5053fcebacf6813adb5db9c9dca22a0c",
        "type": "github"
      },
      "original": {
        "owner": "NixOS",
        "ref": "nixos-unstable",
        "repo": "nixpkgs",
        "type": "github"
      }
    },
    "nixpkgs_2": {
      "locked": {
        "lastModified": 1780453794,
        "narHash": "sha256-bXMRa9VTsHSPXL4Cw8R6JJLQeY3Y/IP4+YJCYVmQ7FY=",
        "owner": "NixOS",
        "repo": "nixpkgs",
        "rev": "6b316287bae2ee04c9b93c8c858d930fd07d7338",
        "type": "github"
      },
      "original": {
        "id": "nixpkgs",
        "ref": "nixos-26.05",
        "type": "indirect"
      }
    },
    "nixpkgs_3": {
      "locked": {
        "lastModified": 1777268161,
        "narHash": "sha256-e1tDUQMbFCxCnke314UpghgRqg3FJLtcXFfq/WTRLYI=",
        "rev": "1c3fe55ad329cbcb28471bb30f05c9827f724c76",
        "type": "tarball",
        "url": "https://releases.nixos.org/nixos/unstable/nixos-26.05pre987561.1c3fe55ad329/nixexprs.tar.xz"
      },
      "original": {
        "type": "tarball",
        "url": "https://channels.nixos.org/nixos-unstable/nixexprs.tar.xz"
      }
    },
    "noctalia": {
      "inputs": {
        "nixpkgs": "nixpkgs_3"
      },
      "locked": {
        "lastModified": 1780727628,
        "narHash": "sha256-iaiG4J3d2FfXLBx83cSBWzmDLwzGixdD1L8DNPoIdSQ=",
        "owner": "noctalia-dev",
        "repo": "noctalia-shell",
        "rev": "a3a874ebc989a759b27bb7807b96e574eb28a0bc",
        "type": "github"
      },
      "original": {
        "owner": "noctalia-dev",
        "ref": "v5",
        "repo": "noctalia-shell",
        "type": "github"
      }
    },
    "root": {
      "inputs": {
        "fix-python": "fix-python",
        "ida-pro-overlay": "ida-pro-overlay",
        "mangowm": "mangowm",
        "nixpkgs": "nixpkgs_2",
        "nixpkgs-unstable": "nixpkgs-unstable",
        "noctalia": "noctalia",
        "zen-browser": "zen-browser"
      }
    },
    "scenefx": {
      "inputs": {
        "nixpkgs": [
          "mangowm",
          "nixpkgs"
        ]
      },
      "locked": {
        "lastModified": 1750785057,
        "narHash": "sha256-tGX6j4W91rcb+glXJo43sjPI9zQvPotonknG1BdihR4=",
        "owner": "wlrfx",
        "repo": "scenefx",
        "rev": "3a6cfb12e4ba97b43326357d14f7b3e40897adfc",
        "type": "github"
      },
      "original": {
        "owner": "wlrfx",
        "repo": "scenefx",
        "type": "github"
      }
    },
    "systems": {
      "locked": {
        "lastModified": 1681028828,
        "narHash": "sha256-Vy1rq5AaRuLzOxct8nz4T6wlgyUR7zLU309k9mBC768=",
        "owner": "nix-systems",
        "repo": "default",
        "rev": "da67096a3b9bf56a91d16901293e51ba5b49a27e",
        "type": "github"
      },
      "original": {
        "owner": "nix-systems",
        "repo": "default",
        "type": "github"
      }
    },
    "zen-browser": {
      "inputs": {
        "nixpkgs": [
          "nixpkgs-unstable"
        ]
      },
      "locked": {
        "lastModified": 1780637620,
        "narHash": "sha256-ngPdHinPyF0AMxRr32qt+TZCv0sagmooBW14u6DfjSU=",
        "owner": "youwen5",
        "repo": "zen-browser-flake",
        "rev": "8c62bc6a72ac5a5b8d1b41b2b88dfed9d9932c48",
        "type": "github"
      },
      "original": {
        "owner": "youwen5",
        "repo": "zen-browser-flake",
        "type": "github"
      }
    }
  },
  "root": "root",
  "version": 7
}
